PODS:
  - AdvertisementView (2.1.0)

DEPENDENCIES:
  - AdvertisementView (from `../`)

EXTERNAL SOURCES:
  AdvertisementView:
    :path: "../"

SPEC CHECKSUMS:
  AdvertisementView: 8a7f4a620be339684c4b9eef9837a54100c15475

PODFILE CHECKSUM: b5d5aed8af2cafdd1a4c3b6c039c856f0197fdd2

COCOAPODS: 1.5.3
