PODS:
  - AdvertisementView (2.1.0)

DEPENDENCIES:
  - AdvertisementView (from `../`)

EXTERNAL SOURCES:
  AdvertisementView:
    :path: "../"

SPEC CHECKSUMS:
  AdvertisementView: 1d4d2780e4f87cc05bb5a9ee6ba0c84235a49e08

PODFILE CHECKSUM: b5d5aed8af2cafdd1a4c3b6c039c856f0197fdd2

COCOAPODS: 1.5.3
